<Solution>
  <Folder Name="/Solution Items/">
    <File Path="Directory.Build.props" />
    <File Path="Directory.Packages.props" />
  </Folder>
  <Folder Name="/src/">
    <Project Path="src/Contracts/Contracts.csproj" />
  </Folder>
  <Folder Name="/tests/">
    <Project Path="tests/UnitTests/UnitTests.csproj" />
  </Folder>
</Solution>
