{
  "version": 2,
  "dependencies": {
    "net10.0": {
      "Microsoft.Extensions.DependencyInjection": {
        "type": "Direct",
        "requested": "[10.0.7, )",
        "resolved": "10.0.7",
        "contentHash": "91F/o3emPV/+xY/ip3s2LqDNF14kjttlVtq0BXgg6p4MnCzeSZxnUJm+t6WRrtD3JdGo88/oX+z7OwK4y8PZuw==",
        "dependencies": {
          "Microsoft.Extensions.DependencyInjection.Abstractions": "10.0.7"
        }
      },
      "Microsoft.Extensions.DependencyInjection.Abstractions": {
        "type": "Transitive",
        "resolved": "10.0.7",
        "contentHash": "Z6mfFEaFcwCfSboxJwOLfu7/31npCY9q70WUamHW/vRQhDvBKOT4Vf9YkZj5J6hLvJpb0oDEYfHunQZj0xxvKw=="
      }
    }
  }
}