{
  "version": 2,
  "dependencies": {
    "net10.0": {
      "AspNetCore.HealthChecks.Redis": {
        "type": "Direct",
        "requested": "[9.0.0, )",
        "resolved": "9.0.0",
        "contentHash": "yNH0h8GLRbAf+PU5HNVLZ5hNeyq9mDVmRKO9xuZsme/znUYoBJlQvI0gq45gaZNlLncCHkMhR4o90MuT+gxxPw==",
        "dependencies": {
          "StackExchange.Redis": "2.7.4"
        }
      },
      "AspNetCore.HealthChecks.UI.Client": {
        "type": "Direct",
        "requested": "[9.0.0, )",
        "resolved": "9.0.0",
        "contentHash": "1Ub3Wvvbz7CMuFNWgLEc9qqQibiMoovDML/WHrwr5J83RPgtI20giCR92s/ipLgu7IIuqw+W/y7WpIeHqAICxg==",
        "dependencies": {
          "AspNetCore.HealthChecks.UI.Core": "9.0.0"
        }
      },
      "Grpc.AspNetCore": {
        "type": "Direct",
        "requested": "[2.76.0, )",
        "resolved": "2.76.0",
        "contentHash": "LyXMmpN2Ba0TE35SOLSKbGqIYtJuhc1UgiaGfoW1X8KJERV70QI5KGW+ckEY7MrXoFWN/uWo4B70siVhbDmCgQ==",
        "dependencies": {
          "Google.Protobuf": "3.31.1",
          "Grpc.AspNetCore.Server.ClientFactory": "2.76.0",
          "Grpc.Tools": "2.76.0"
        }
      },
      "Microsoft.AspNetCore.OpenApi": {
        "type": "Direct",
        "requested": "[10.0.1, )",
        "resolved": "10.0.1",
        "contentHash": "gMY53EggRIFawhue66GanHcm1Tcd0+QzzMwnMl60LrEoJhGgzA9qAbLx6t/ON3hX4flc2NcEbTK1Z5GCLYHcwA==",
        "dependencies": {
          "Microsoft.OpenApi": "2.0.0"
        }
      },
      "Scalar.AspNetCore": {
        "type": "Direct",
        "requested": "[2.12.4, )",
        "resolved": "2.12.4",
        "contentHash": "z2AsZCSuota9x0o/E1pptMD0hH65cJFaAIiuVmm34hntZy2zR9LusRQkUvWIStf+jwBSHzzFcli88kDlrcNJ3w=="
      },
      "AspNetCore.HealthChecks.UI.Core": {
        "type": "Transitive",
        "resolved": "9.0.0",
        "contentHash": "TVriy4hgYnhfqz6NAzv8qe62Q8wf82iKUL6WV9selqeFZTq1ILi39Sic6sFQegRysvAVcnxKP/vY8z9Fk8x6XQ=="
      },
      "Google.Protobuf": {
        "type": "Transitive",
        "resolved": "3.31.1",
        "contentHash": "gSnJbUmGiOTdWddPhqzrEscHq9Ls6sqRDPB9WptckyjTUyx70JOOAaDLkFff8gManZNN3hllQ4aQInnQyq/Z/A=="
      },
      "Grpc.AspNetCore.Server": {
        "type": "Transitive",
        "resolved": "2.76.0",
        "contentHash": "diSC/ZeNdSdxHdYSOpYwuSBBDYpuNVtJQFJfiBB0WrYOQ4lVMmdxuUZJcViahQyo8pCvS3Mueo5lqFxwwMF/iw==",
        "dependencies": {
          "Grpc.Net.Common": "2.76.0"
        }
      },
      "Grpc.AspNetCore.Server.ClientFactory": {
        "type": "Transitive",
        "resolved": "2.76.0",
        "contentHash": "y5KGO1GO0N2L/hCCMR05mmoK8j+v8rKvZ+9nothAxKx2Tf2CwV8f4TM5K0GkKfDsp4vrc4lm90MU6E+DeN7YIw==",
        "dependencies": {
          "Grpc.AspNetCore.Server": "2.76.0",
          "Grpc.Net.ClientFactory": "2.76.0"
        }
      },
      "Grpc.Core.Api": {
        "type": "Transitive",
        "resolved": "2.76.0",
        "contentHash": "cSxC2tdnFdXXuBgIn1pjc4YBx7LXTCp4M0qn+SMBS35VWZY+cEQYLWTBDDhdBH1HzU7BV+ncVZlniGQHMpRJKQ=="
      },
      "Grpc.Net.Client": {
        "type": "Transitive",
        "resolved": "2.76.0",
        "contentHash": "K1oldmqw2+Gn69nGRzZLhqSiUZwelX1GrBu/cUl9wNf1C0uB61vFS6JcxUUv9P8VoUJhFsmV44JA6lI2EUt4xw==",
        "dependencies": {
          "Grpc.Net.Common": "2.76.0"
        }
      },
      "Grpc.Net.ClientFactory": {
        "type": "Transitive",
        "resolved": "2.76.0",
        "contentHash": "XI+kO69L9AV8B9N0UQOmH911r6MOEp9huHiavEsY56DJYuzJ9KAxNGy37dpV6CLbgCaN2uKmpOsZ9Pao6bmpVQ==",
        "dependencies": {
          "Grpc.Net.Client": "2.76.0"
        }
      },
      "Grpc.Net.Common": {
        "type": "Transitive",
        "resolved": "2.76.0",
        "contentHash": "bZpiMVYgvpB44/wBh1RotrkqC7bg2FOasLri2GhR3hMKyzsiTxCoDE49YjPrJeFc4RW0wS8u+EInI09sjxVFRA==",
        "dependencies": {
          "Grpc.Core.Api": "2.76.0"
        }
      },
      "Grpc.Tools": {
        "type": "Transitive",
        "resolved": "2.76.0",
        "contentHash": "goRzYZVMgQtyLvkWdgTnPycg49hlNxnMkqGGgR3l7nCOm0bUh0YeAneiJ9JFk3XLgF4suQUdETYkl2Mg/TBr0w=="
      },
      "Microsoft.OpenApi": {
        "type": "Transitive",
        "resolved": "2.0.0",
        "contentHash": "GGYLfzV/G/ct80OZ45JxnWP7NvMX1BCugn/lX7TH5o0lcVaviavsLMTxmFV2AybXWjbi3h6FF1vgZiTK6PXndw=="
      },
      "OpenTelemetry": {
        "type": "Transitive",
        "resolved": "1.14.0",
        "contentHash": "aiPBAr1+0dPDItH++MQQr5UgMf4xiybruzNlAoYYMYN3UUk+mGRcoKuZy4Z4rhhWUZIpK2Xhe7wUUXSTM32duQ==",
        "dependencies": {
          "OpenTelemetry.Api.ProviderBuilderExtensions": "1.14.0"
        }
      },
      "OpenTelemetry.Api": {
        "type": "Transitive",
        "resolved": "1.14.0",
        "contentHash": "foHci6viUw1f3gUB8qzz3Rk02xZIWMo299X0rxK0MoOWok/3dUVru+KKdY7WIoSHwRGpxGKkmAz9jIk2RFNbsQ=="
      },
      "OpenTelemetry.Api.ProviderBuilderExtensions": {
        "type": "Transitive",
        "resolved": "1.14.0",
        "contentHash": "i/lxOM92v+zU5I0rGl5tXAGz6EJtxk2MvzZ0VN6F6L5pMqT6s6RCXnGWXg6fW+vtZJsllBlQaf/VLPTzgefJpg==",
        "dependencies": {
          "OpenTelemetry.Api": "1.14.0"
        }
      },
      "Pipelines.Sockets.Unofficial": {
        "type": "Transitive",
        "resolved": "2.2.8",
        "contentHash": "zG2FApP5zxSx6OcdJQLbZDk2AVlN2BNQD6MorwIfV6gVj0RRxWPEp2LXAxqDGZqeNV1Zp0BNPcNaey/GXmTdvQ=="
      },
      "Polly": {
        "type": "Transitive",
        "resolved": "7.2.4",
        "contentHash": "bw00Ck5sh6ekduDE3mnCo1ohzuad946uslCDEENu3091+6UKnBuKLo4e+yaNcCzXxOZCXWY2gV4a35+K1d4LDA=="
      },
      "Polly.Extensions.Http": {
        "type": "Transitive",
        "resolved": "3.0.0",
        "contentHash": "drrG+hB3pYFY7w1c3BD+lSGYvH2oIclH8GRSehgfyP5kjnFnHKQuuBhuHLv+PWyFuaTDyk/vfRpnxOzd11+J8g==",
        "dependencies": {
          "Polly": "7.1.0"
        }
      },
      "StackExchange.Redis": {
        "type": "Transitive",
        "resolved": "2.7.27",
        "contentHash": "Uqc2OQHglqj9/FfGQ6RkKFkZfHySfZlfmbCl+hc+u2I/IqunfelQ7QJi7ZhvAJxUtu80pildVX6NPLdDaUffOw==",
        "dependencies": {
          "Pipelines.Sockets.Unofficial": "2.2.8"
        }
      },
      "contracts": {
        "type": "Project"
      },
      "infrastructure": {
        "type": "Project",
        "dependencies": {
          "Contracts": "[1.0.0, )",
          "Microsoft.Extensions.Caching.Hybrid": "[10.1.0, )",
          "Microsoft.Extensions.Caching.StackExchangeRedis": "[10.0.1, )",
          "Microsoft.Extensions.Http.Polly": "[10.0.1, )",
          "OpenTelemetry.Exporter.OpenTelemetryProtocol": "[1.14.0, )",
          "OpenTelemetry.Extensions.Hosting": "[1.14.0, )",
          "OpenTelemetry.Instrumentation.AspNetCore": "[1.14.0, )",
          "OpenTelemetry.Instrumentation.EntityFrameworkCore": "[1.12.0-beta.2, )",
          "OpenTelemetry.Instrumentation.GrpcNetClient": "[1.12.0-beta.1, )",
          "OpenTelemetry.Instrumentation.Http": "[1.14.0, )",
          "OpenTelemetry.Instrumentation.StackExchangeRedis": "[1.12.0-beta.2, )"
        }
      },
      "Microsoft.Extensions.Caching.Hybrid": {
        "type": "CentralTransitive",
        "requested": "[10.1.0, )",
        "resolved": "10.1.0",
        "contentHash": "mcqlFN2TidtsD/ZUs+m5Xbj9oyNFtlHrawSp57DS8Pq6/Gf316sdSLdoo8i4LfQX5MFPQRdTMKddAQtfZ1uXxQ=="
      },
      "Microsoft.Extensions.Caching.StackExchangeRedis": {
        "type": "CentralTransitive",
        "requested": "[10.0.1, )",
        "resolved": "10.0.1",
        "contentHash": "M7+349/EtaszydCxz/vtj4fUgbwE6NfDAfh98+oeWHPdBthgWKDCdnFV92p9UtyFN8Ln0e0w1ZzJvvbNzpMtaQ==",
        "dependencies": {
          "StackExchange.Redis": "2.7.27"
        }
      },
      "Microsoft.Extensions.Http.Polly": {
        "type": "CentralTransitive",
        "requested": "[10.0.1, )",
        "resolved": "10.0.1",
        "contentHash": "J7xjjT+r6qxDcID37DJE6n45sReV43hOE/d87AnNJX5UPTv2qxKWGAyoKG3cjO1p0UCPhOVf6zlPIriDyJmNrQ==",
        "dependencies": {
          "Polly": "7.2.4",
          "Polly.Extensions.Http": "3.0.0"
        }
      },
      "OpenTelemetry.Exporter.OpenTelemetryProtocol": {
        "type": "CentralTransitive",
        "requested": "[1.14.0, )",
        "resolved": "1.14.0",
        "contentHash": "7ELExeje+T/KOywHuHwZBGQNtYlepUaYRFXWgoEaT1iKpFJVwOlE1Y2+uqHI2QQmah0Ue+XgRmDy924vWHfJ6Q==",
        "dependencies": {
          "OpenTelemetry": "1.14.0"
        }
      },
      "OpenTelemetry.Extensions.Hosting": {
        "type": "CentralTransitive",
        "requested": "[1.14.0, )",
        "resolved": "1.14.0",
        "contentHash": "ZAxkCIa3Q3YWZ1sGrolXfkhPqn2PFSz2Cel74em/fATZgY5ixlw6MQp2icmqKCz4C7M1W2G0b92K3rX8mOtFRg==",
        "dependencies": {
          "OpenTelemetry": "1.14.0"
        }
      },
      "OpenTelemetry.Instrumentation.AspNetCore": {
        "type": "CentralTransitive",
        "requested": "[1.14.0, )",
        "resolved": "1.14.0",
        "contentHash": "NQAQpFa3a4ofPUYwxcwtNPGpuRNwwx1HM7MnLEESYjYkhfhER+PqqGywW65rWd7bJEc1/IaL+xbmHH99pYDE0A==",
        "dependencies": {
          "OpenTelemetry.Api.ProviderBuilderExtensions": "[1.14.0, 2.0.0)"
        }
      },
      "OpenTelemetry.Instrumentation.EntityFrameworkCore": {
        "type": "CentralTransitive",
        "requested": "[1.12.0-beta.2, )",
        "resolved": "1.12.0-beta.2",
        "contentHash": "4D2PLiJWbBbQbauojkIflT11WGVXoRU+xgox1mvOkpfm7YXIfwTtROOlcdscS51sMh5fgwjGKJtLWpLKppe7dw==",
        "dependencies": {
          "OpenTelemetry.Api.ProviderBuilderExtensions": "[1.12.0, 2.0.0)"
        }
      },
      "OpenTelemetry.Instrumentation.GrpcNetClient": {
        "type": "CentralTransitive",
        "requested": "[1.12.0-beta.1, )",
        "resolved": "1.12.0-beta.1",
        "contentHash": "mi3Njei+Y5bn7oJYwIy/XWON+TK/sDUZy1m8UPw4ihtaCVjBTUdPWCjOW1sv3mZoctnJAT6PjNXD9222rqO65w==",
        "dependencies": {
          "OpenTelemetry": "[1.12.0, 2.0.0)"
        }
      },
      "OpenTelemetry.Instrumentation.Http": {
        "type": "CentralTransitive",
        "requested": "[1.14.0, )",
        "resolved": "1.14.0",
        "contentHash": "uH8X1fYnywrgaUrSbemKvFiFkBwY7ZbBU7Wh4A/ORQmdpF3G/5STidY4PlK4xYuIv9KkdMXH/vkpvzQcayW70g==",
        "dependencies": {
          "OpenTelemetry.Api.ProviderBuilderExtensions": "[1.14.0, 2.0.0)"
        }
      },
      "OpenTelemetry.Instrumentation.StackExchangeRedis": {
        "type": "CentralTransitive",
        "requested": "[1.12.0-beta.2, )",
        "resolved": "1.12.0-beta.2",
        "contentHash": "0gfZKwJ5gUHBRL4eD+3VGqumzvS+GPpMmQea8j4TlseBrqi2FDXFfh4YAnanj8ogex90QAwwpOTsMaTGZ9aEzg==",
        "dependencies": {
          "OpenTelemetry.Api.ProviderBuilderExtensions": "[1.12.0, 2.0.0)",
          "StackExchange.Redis": "[2.6.122, 3.0.0)"
        }
      }
    }
  }
}