{
  "version": 2,
  "dependencies": {
    "net10.0": {
      "AspNetCore.HealthChecks.NpgSql": {
        "type": "Direct",
        "requested": "[9.0.0, )",
        "resolved": "9.0.0",
        "contentHash": "npc58/AD5zuVxERdhCl2Kb7WnL37mwX42SJcXIwvmEig0/dugOLg3SIwtfvvh3TnvTwR/sk5LYNkkPaBdks61A==",
        "dependencies": {
          "Npgsql": "8.0.3"
        }
      },
      "AspNetCore.HealthChecks.Rabbitmq": {
        "type": "Direct",
        "requested": "[9.0.0, )",
        "resolved": "9.0.0",
        "contentHash": "7WSQ7EwioA5niakzzLtGVcZMEOh+42fSwrI24vnNsT7gZuVGOViNekyz38G6wBPYKcpL/lUkMdg3ZaCiZTi/Dw==",
        "dependencies": {
          "RabbitMQ.Client": "7.0.0"
        }
      },
      "AspNetCore.HealthChecks.Redis": {
        "type": "Direct",
        "requested": "[9.0.0, )",
        "resolved": "9.0.0",
        "contentHash": "yNH0h8GLRbAf+PU5HNVLZ5hNeyq9mDVmRKO9xuZsme/znUYoBJlQvI0gq45gaZNlLncCHkMhR4o90MuT+gxxPw==",
        "dependencies": {
          "StackExchange.Redis": "2.7.4"
        }
      },
      "AspNetCore.HealthChecks.UI.Client": {
        "type": "Direct",
        "requested": "[9.0.0, )",
        "resolved": "9.0.0",
        "contentHash": "1Ub3Wvvbz7CMuFNWgLEc9qqQibiMoovDML/WHrwr5J83RPgtI20giCR92s/ipLgu7IIuqw+W/y7WpIeHqAICxg==",
        "dependencies": {
          "AspNetCore.HealthChecks.UI.Core": "9.0.0"
        }
      },
      "Grpc.AspNetCore": {
        "type": "Direct",
        "requested": "[2.76.0, )",
        "resolved": "2.76.0",
        "contentHash": "LyXMmpN2Ba0TE35SOLSKbGqIYtJuhc1UgiaGfoW1X8KJERV70QI5KGW+ckEY7MrXoFWN/uWo4B70siVhbDmCgQ==",
        "dependencies": {
          "Google.Protobuf": "3.31.1",
          "Grpc.AspNetCore.Server.ClientFactory": "2.76.0",
          "Grpc.Tools": "2.76.0"
        }
      },
      "Amazon.Lambda.APIGatewayEvents": {
        "type": "Transitive",
        "resolved": "2.7.0",
        "contentHash": "HAbdRKLzvUqRg/fItan7up/PWsj6vQfYF+1a4YV6sv1bq5TuK/ra+ndJwWMlzL+MFJzJaHwCmtkyBbh/vz8Oig=="
      },
      "Amazon.Lambda.ApplicationLoadBalancerEvents": {
        "type": "Transitive",
        "resolved": "2.2.0",
        "contentHash": "UtCd9tFuVyED8+DmDKEkdXJbAb/TdHIz51R/CsJCexKerO6HGOG87FGId4Ce9IXE+qjlBGyNQsKCw9oLLNe0hw=="
      },
      "Amazon.Lambda.Core": {
        "type": "Transitive",
        "resolved": "2.8.0",
        "contentHash": "mZnqCrLuNvB9T9/bCIcu/7H8HWd3yi6sEDzRE76D9ym06D+CoEfJ/EG4w7FucclvpSXO7ui/MKpzqhEnR2FAVg=="
      },
      "Amazon.Lambda.SNSEvents": {
        "type": "Transitive",
        "resolved": "2.1.0",
        "contentHash": "w2PKM5eQ6DNCR07H6SwHdcPXAr/qKQhNoAD+8bWydpgh4QdS2O4heo9vxhxn1g5FMSKeOxVa2zMKUZ9xeSYPZw=="
      },
      "Amazon.Lambda.SQSEvents": {
        "type": "Transitive",
        "resolved": "2.2.0",
        "contentHash": "RyYLgEa6nh+VJrCfTDKxvTLS1+eLDIIDyHgwDY3TR1WQz1+UeDIcccOJvoDk2nmjkSA0TfWJmZX9Ld0ySf57lA=="
      },
      "AspNetCore.HealthChecks.UI.Core": {
        "type": "Transitive",
        "resolved": "9.0.0",
        "contentHash": "TVriy4hgYnhfqz6NAzv8qe62Q8wf82iKUL6WV9selqeFZTq1ILi39Sic6sFQegRysvAVcnxKP/vY8z9Fk8x6XQ=="
      },
      "AWSSDK.Core": {
        "type": "Transitive",
        "resolved": "4.0.3.3",
        "contentHash": "YQv10JuxnciWh0QwnkarSbge4gXQV1qTURf5jkBjNUH/3jYS9QrbxopA4TK1qdjfOfP37tqiJkLSrRRNqX81aw=="
      },
      "AWSSDK.SimpleNotificationService": {
        "type": "Transitive",
        "resolved": "4.0.2.7",
        "contentHash": "WO0xjj2demSh3hPKQtSS3XyncITIUlENCeLv/FZsteMJh4HpfGwxp1dbq8YnaR90ddzvyPU6uj675WGuMf6zgg==",
        "dependencies": {
          "AWSSDK.Core": "[4.0.3.3, 5.0.0)"
        }
      },
      "AWSSDK.SQS": {
        "type": "Transitive",
        "resolved": "4.0.2.5",
        "contentHash": "bHA9m/2RZHNKt6NGvQ56rfEDj/pfUlcwPeCg2HmPJ3jZPyoerBuEsYvFkMP3YJNv3aoycNWZoiDk0/ULP0tEyA==",
        "dependencies": {
          "AWSSDK.Core": "[4.0.3.3, 5.0.0)"
        }
      },
      "CassandraCSharpDriver": {
        "type": "Transitive",
        "resolved": "3.22.0",
        "contentHash": "T5vjErmZ42Q1TAzbYSJvOrAzOZmb/d+v3OoIYrKfbcqjDuvedd61e0bAaaLpgiujPBBO+qFpxR4T0WSXkMr/fA==",
        "dependencies": {
          "K4os.Compression.LZ4": "1.1.11",
          "Newtonsoft.Json": "9.0.1",
          "System.Management": "4.7.0"
        }
      },
      "Google.Protobuf": {
        "type": "Transitive",
        "resolved": "3.31.1",
        "contentHash": "gSnJbUmGiOTdWddPhqzrEscHq9Ls6sqRDPB9WptckyjTUyx70JOOAaDLkFff8gManZNN3hllQ4aQInnQyq/Z/A=="
      },
      "Grafana.OpenTelemetry.Base": {
        "type": "Transitive",
        "resolved": "1.5.2",
        "contentHash": "MS8yH+QFubR0Kllsxo7o2w9A2OwVeI2iB8gfGr7YPKEfwBYAcul4bHzPA9dyhtHE7hxGBuhh07bdNzMG8oRhyw==",
        "dependencies": {
          "OpenTelemetry": "1.15.0",
          "OpenTelemetry.Exporter.OpenTelemetryProtocol": "1.15.0",
          "OpenTelemetry.Instrumentation.GrpcNetClient": "1.15.0-beta.1",
          "OpenTelemetry.Instrumentation.Http": "1.15.0",
          "OpenTelemetry.Instrumentation.Process": "1.15.0-beta.1",
          "OpenTelemetry.Instrumentation.Runtime": "1.15.0",
          "OpenTelemetry.Instrumentation.SqlClient": "1.15.0",
          "OpenTelemetry.Resources.Container": "1.15.0-beta.1",
          "OpenTelemetry.Resources.Host": "1.15.0-beta.2",
          "OpenTelemetry.Resources.OperatingSystem": "1.15.0-beta.1",
          "OpenTelemetry.Resources.Process": "1.15.0-beta.1",
          "OpenTelemetry.Resources.ProcessRuntime": "1.15.0-beta.1"
        }
      },
      "Grpc.AspNetCore.Server": {
        "type": "Transitive",
        "resolved": "2.76.0",
        "contentHash": "diSC/ZeNdSdxHdYSOpYwuSBBDYpuNVtJQFJfiBB0WrYOQ4lVMmdxuUZJcViahQyo8pCvS3Mueo5lqFxwwMF/iw==",
        "dependencies": {
          "Grpc.Net.Common": "2.76.0"
        }
      },
      "Grpc.AspNetCore.Server.ClientFactory": {
        "type": "Transitive",
        "resolved": "2.76.0",
        "contentHash": "y5KGO1GO0N2L/hCCMR05mmoK8j+v8rKvZ+9nothAxKx2Tf2CwV8f4TM5K0GkKfDsp4vrc4lm90MU6E+DeN7YIw==",
        "dependencies": {
          "Grpc.AspNetCore.Server": "2.76.0",
          "Grpc.Net.ClientFactory": "2.76.0"
        }
      },
      "Grpc.Core.Api": {
        "type": "Transitive",
        "resolved": "2.76.0",
        "contentHash": "cSxC2tdnFdXXuBgIn1pjc4YBx7LXTCp4M0qn+SMBS35VWZY+cEQYLWTBDDhdBH1HzU7BV+ncVZlniGQHMpRJKQ=="
      },
      "Grpc.Net.Client": {
        "type": "Transitive",
        "resolved": "2.76.0",
        "contentHash": "K1oldmqw2+Gn69nGRzZLhqSiUZwelX1GrBu/cUl9wNf1C0uB61vFS6JcxUUv9P8VoUJhFsmV44JA6lI2EUt4xw==",
        "dependencies": {
          "Grpc.Net.Common": "2.76.0"
        }
      },
      "Grpc.Net.ClientFactory": {
        "type": "Transitive",
        "resolved": "2.76.0",
        "contentHash": "XI+kO69L9AV8B9N0UQOmH911r6MOEp9huHiavEsY56DJYuzJ9KAxNGy37dpV6CLbgCaN2uKmpOsZ9Pao6bmpVQ==",
        "dependencies": {
          "Grpc.Net.Client": "2.76.0"
        }
      },
      "Grpc.Net.Common": {
        "type": "Transitive",
        "resolved": "2.76.0",
        "contentHash": "bZpiMVYgvpB44/wBh1RotrkqC7bg2FOasLri2GhR3hMKyzsiTxCoDE49YjPrJeFc4RW0wS8u+EInI09sjxVFRA==",
        "dependencies": {
          "Grpc.Core.Api": "2.76.0"
        }
      },
      "Grpc.Tools": {
        "type": "Transitive",
        "resolved": "2.76.0",
        "contentHash": "goRzYZVMgQtyLvkWdgTnPycg49hlNxnMkqGGgR3l7nCOm0bUh0YeAneiJ9JFk3XLgF4suQUdETYkl2Mg/TBr0w=="
      },
      "Hangfire.Core": {
        "type": "Transitive",
        "resolved": "1.7.0",
        "contentHash": "ZWfWcE+kOWjKy7l/rsVtZmxs5XdltJY5ndx+vy7enD85ZVgc0Z+nIOZ/PfBhQQ68vGOfwOudpQVHuwXlSn7/fQ==",
        "dependencies": {
          "Newtonsoft.Json": "11.0.1"
        }
      },
      "K4os.Compression.LZ4": {
        "type": "Transitive",
        "resolved": "1.1.11",
        "contentHash": "RNvJw0UGkedPhCqVBNIogtfQebY+bQt0PN7xDbVe5LWLra0ZEqPfjPSl7iStj3rgDnkqkkTTpm+vCX3hU1qKmA=="
      },
      "Microsoft.EntityFrameworkCore.Abstractions": {
        "type": "Transitive",
        "resolved": "10.0.2",
        "contentHash": "BzAwIU5mYeOmnKbEXrkwx7feW2V+zUTrK/kRonSib94tjvc0/iRj2a4N6YGXRhTNjaFP3tvCMIDaX1vIFF6dkg=="
      },
      "Microsoft.EntityFrameworkCore.Analyzers": {
        "type": "Transitive",
        "resolved": "10.0.2",
        "contentHash": "5C8aKN2HFhXfLhkrVvQ6yH990nw35pS7HNnwdBc628zIREaKJ4/rkdCXzxOdZo/SnCT3Kg7a/CqnhlzuJhlD4Q=="
      },
      "Microsoft.NETCore.Platforms": {
        "type": "Transitive",
        "resolved": "3.1.4",
        "contentHash": "9/y05/CuxE+j184Nr4KihhB9KcUkvGojmD4JV4Vt/mHhVZR+eOCD5WCM+CXye9K0OFMsaPXbN+IcaIpjgBGZmg=="
      },
      "Microsoft.Win32.SystemEvents": {
        "type": "Transitive",
        "resolved": "4.7.0",
        "contentHash": "mtVirZr++rq+XCDITMUdnETD59XoeMxSpLRIII7JRI6Yj0LEDiO1pPn0ktlnIj12Ix8bfvQqQDMMIF9wC98oCA==",
        "dependencies": {
          "Microsoft.NETCore.Platforms": "3.1.0"
        }
      },
      "Npgsql": {
        "type": "Transitive",
        "resolved": "10.0.0",
        "contentHash": "xZAYhPOU2rUIFpV48xsqhCx9vXs6Y+0jX2LCoSEfDFYMw9jtAOUk3iQsCnDLrFIv9NT3JGMihn7nnuZsPKqJmA=="
      },
      "OpenTelemetry": {
        "type": "Transitive",
        "resolved": "1.15.0",
        "contentHash": "7mS/oZFF8S6xyqGQfMU1btp0nXJQUPWV535Vp/XMLYwRAUv36xQN+U4vufWBF1+z4HnRTOwuFHtUSGnHbyN6FQ==",
        "dependencies": {
          "OpenTelemetry.Api.ProviderBuilderExtensions": "1.15.0"
        }
      },
      "OpenTelemetry.Api": {
        "type": "Transitive",
        "resolved": "1.15.0",
        "contentHash": "vk5OGdf6K9kQScCWo3bRjhDWCv6Pqw92IpX4dlARZ8B1WL7/2NGTDtCkkw42eQf7UdwyoHKzVvMH/PtL8d6z7w=="
      },
      "OpenTelemetry.Api.ProviderBuilderExtensions": {
        "type": "Transitive",
        "resolved": "1.15.0",
        "contentHash": "OnuSUlRpGvowkOzGFQfy+KZFu0cITfKfh2IYJJiZskxVJiOuexwOOuvfDAgpJdmTzVWAHjYdz2shcHZaJ06UjQ==",
        "dependencies": {
          "OpenTelemetry.Api": "1.15.0"
        }
      },
      "OpenTelemetry.Exporter.OpenTelemetryProtocol": {
        "type": "Transitive",
        "resolved": "1.15.0",
        "contentHash": "VH8ANc/js9IRvfYt0Q2UaAxNCOWm+IU+vWrtoH7pfx4oWPVdISUt+9uWfBCFMWZg5WzQip5dhslyDjeyZXXfSQ==",
        "dependencies": {
          "OpenTelemetry": "1.15.0"
        }
      },
      "OpenTelemetry.Extensions.AWS": {
        "type": "Transitive",
        "resolved": "1.15.0",
        "contentHash": "XO2mKJSF3cjzNepezUcKdYqnk1Ex3VCQ8UMbNH8oo3eN/tZ6EXVnI/9daXgEoXIJLPHjeHHT/+aEy3wd74lF8A==",
        "dependencies": {
          "OpenTelemetry": "[1.15.0, 2.0.0)"
        }
      },
      "OpenTelemetry.Instrumentation.AWS": {
        "type": "Transitive",
        "resolved": "1.15.0",
        "contentHash": "CVI0H47mfFHAw4cFoUf6QO1H5O1fK7MQY8+T7CriEp4rOBto65ncZMnbEQtwQhcfeeNqbOTED8TayMPWY1yMRA==",
        "dependencies": {
          "AWSSDK.Core": "[4.0.3.3, 5.0.0)",
          "AWSSDK.SQS": "[4.0.2.5, 5.0.0)",
          "AWSSDK.SimpleNotificationService": "[4.0.2.7, 5.0.0)",
          "OpenTelemetry.Extensions.AWS": "1.15.0"
        }
      },
      "OpenTelemetry.Instrumentation.AWSLambda": {
        "type": "Transitive",
        "resolved": "1.15.0",
        "contentHash": "cO+iqR2lFriHg89QNSbpbFJm0o2BsMPxEThMbH9z/OLeVcxAh3EJ6PPAfw6NuicJhntN9I00iCYPpo22T5R+Zg==",
        "dependencies": {
          "Amazon.Lambda.APIGatewayEvents": "2.7.0",
          "Amazon.Lambda.ApplicationLoadBalancerEvents": "2.2.0",
          "Amazon.Lambda.Core": "2.8.0",
          "Amazon.Lambda.SNSEvents": "2.1.0",
          "Amazon.Lambda.SQSEvents": "2.2.0",
          "OpenTelemetry.Extensions.AWS": "1.15.0"
        }
      },
      "OpenTelemetry.Instrumentation.Cassandra": {
        "type": "Transitive",
        "resolved": "1.0.0-beta.5",
        "contentHash": "4FwPZqw/mQUfHlQsjwi3qG2OPFutOJSQsY+7oa5kI1Vu5U3tGiua+WNGxSyMsrid3MhXbC4Ax5013Fx6/vHVDg==",
        "dependencies": {
          "CassandraCSharpDriver": "3.17.0",
          "Newtonsoft.Json": "13.0.1",
          "OpenTelemetry.Api": "[1.15.0, 2.0.0)"
        }
      },
      "OpenTelemetry.Instrumentation.ElasticsearchClient": {
        "type": "Transitive",
        "resolved": "1.15.0-beta.1",
        "contentHash": "hETsgn/JfHPfiUa5mItGu0EiCai7PnGSD5IubdmOyZntqeG/Wf8YIx3rjlF6KVbBb+JAezgGKX4oqTTlrxJQbw==",
        "dependencies": {
          "OpenTelemetry": "[1.15.0, 2.0.0)"
        }
      },
      "OpenTelemetry.Instrumentation.Hangfire": {
        "type": "Transitive",
        "resolved": "1.15.0-beta.1",
        "contentHash": "Rog5ojlXL+WB4Li/L1yisvfuKVmnPIOh62g1rfUJYgJGvPLQbm5FtGuIvvRJlMPLtu7f73tYmqouw9EiWExJIQ==",
        "dependencies": {
          "Hangfire.Core": "1.7.0",
          "Newtonsoft.Json": "13.0.1",
          "OpenTelemetry.Api.ProviderBuilderExtensions": "[1.15.0, 2.0.0)"
        }
      },
      "OpenTelemetry.Instrumentation.Quartz": {
        "type": "Transitive",
        "resolved": "1.15.0-beta.1",
        "contentHash": "C3TR/iDaXeZKpB8QTZjsSrbOlE6D+NYwMw3xDwMyt1T7s/1/4yqyZNQA3M5h3FKlinTvFdBxIbN6ghT/A1g5Jw==",
        "dependencies": {
          "OpenTelemetry.Api": "[1.15.0, 2.0.0)"
        }
      },
      "OpenTelemetry.Instrumentation.SqlClient": {
        "type": "Transitive",
        "resolved": "1.15.0",
        "contentHash": "J0lI7lCngS4TJD4T7KNsAerOIjJHNV0T2MK0iuS2tK8wF7iqL1dp4MKW05FiyfvrIXkwsvFc1okKchxS8B0+SQ==",
        "dependencies": {
          "OpenTelemetry.Api.ProviderBuilderExtensions": "[1.15.0, 2.0.0)"
        }
      },
      "OpenTelemetry.Instrumentation.Wcf": {
        "type": "Transitive",
        "resolved": "1.15.0-beta.1",
        "contentHash": "2U34rv1JvdB8jDS1LC7yknm+iINO+hBIZeEtKyUgUUaJT1FOINSQpIhofEtdsTR+++cIHOnvWHcru60QmiT5Cw==",
        "dependencies": {
          "OpenTelemetry": "[1.15.0, 2.0.0)",
          "System.Drawing.Common": "4.7.2",
          "System.ServiceModel.Primitives": "4.7.0"
        }
      },
      "OpenTelemetry.Resources.Container": {
        "type": "Transitive",
        "resolved": "1.15.0-beta.1",
        "contentHash": "b3W+tt2P9E6MybwFv/5nGLcfwDFyNcKw9fLaXrqSt3PpXrE533f+Vas00VLH0Qs5Z1fqDZSFqzgNwxmmTxvKHg==",
        "dependencies": {
          "OpenTelemetry": "[1.15.0, 2.0.0)"
        }
      },
      "OpenTelemetry.Resources.Host": {
        "type": "Transitive",
        "resolved": "1.15.0-beta.2",
        "contentHash": "Ars2cy8gRmQ4n29V9L58eiFYucB8QwTfagFlNfMl3JpgkEeTsNtMInNTTJBDtnLM//7187C70n6lkc8fr2aGIA==",
        "dependencies": {
          "OpenTelemetry": "[1.15.0, 2.0.0)"
        }
      },
      "OpenTelemetry.Resources.OperatingSystem": {
        "type": "Transitive",
        "resolved": "1.15.0-beta.1",
        "contentHash": "I32LVRlWDsBALEQKD2jQx69iGjE+PZ2RdD0LoWzaKx7IsfsXoykvH7XgfF8o+/bzkAwKDr0zVe1Yb6so2zw7lw==",
        "dependencies": {
          "OpenTelemetry": "[1.15.0, 2.0.0)"
        }
      },
      "OpenTelemetry.Resources.Process": {
        "type": "Transitive",
        "resolved": "1.15.0-beta.1",
        "contentHash": "ZyrUlfsSusSZd9PYB90x6bQUCuCf+gbd18wu4y8FDscW1ASS2a9bM8BRiaFIyUHh8Ztou4Sjqes2Pob2s+mZkw==",
        "dependencies": {
          "OpenTelemetry": "[1.15.0, 2.0.0)"
        }
      },
      "OpenTelemetry.Resources.ProcessRuntime": {
        "type": "Transitive",
        "resolved": "1.15.0-beta.1",
        "contentHash": "bejo+D0Fkt/IeLUtR1MaDQYbFKhMibdVEtlDm5s7CapDls+U8p20MCwkQwZBIeL+gzacWR7+IhKR1EozbvW2ew==",
        "dependencies": {
          "OpenTelemetry": "[1.15.0, 2.0.0)"
        }
      },
      "Pipelines.Sockets.Unofficial": {
        "type": "Transitive",
        "resolved": "2.2.8",
        "contentHash": "zG2FApP5zxSx6OcdJQLbZDk2AVlN2BNQD6MorwIfV6gVj0RRxWPEp2LXAxqDGZqeNV1Zp0BNPcNaey/GXmTdvQ=="
      },
      "StackExchange.Redis": {
        "type": "Transitive",
        "resolved": "2.7.27",
        "contentHash": "Uqc2OQHglqj9/FfGQ6RkKFkZfHySfZlfmbCl+hc+u2I/IqunfelQ7QJi7ZhvAJxUtu80pildVX6NPLdDaUffOw==",
        "dependencies": {
          "Pipelines.Sockets.Unofficial": "2.2.8"
        }
      },
      "System.CodeDom": {
        "type": "Transitive",
        "resolved": "4.7.0",
        "contentHash": "Hs9pw/kmvH3lXaZ1LFKj3pLQsiGfj2xo3sxSzwiLlRL6UcMZUTeCfoJ9Udalvn3yq5dLlPEZzYegrTQ1/LhPOQ=="
      },
      "System.Drawing.Common": {
        "type": "Transitive",
        "resolved": "4.7.2",
        "contentHash": "I2y4KBK3VCvU/WqE2xv7NjQ67maXHttkFSHYKgU2evrG9Yqh0oFjfORXt5hZTk+BVjdyFo2h0/YQZsca33BGmg==",
        "dependencies": {
          "Microsoft.NETCore.Platforms": "3.1.4",
          "Microsoft.Win32.SystemEvents": "4.7.0"
        }
      },
      "System.Management": {
        "type": "Transitive",
        "resolved": "4.7.0",
        "contentHash": "IY+uuGhgzWiCg21i8IvQeY/Z7m1tX8VuPF+ludfn7iTCaccTtJo5HkjZbBEL8kbBubKhAKKtNXr7uMtmAc28Pw==",
        "dependencies": {
          "Microsoft.NETCore.Platforms": "3.1.0",
          "System.CodeDom": "4.7.0"
        }
      },
      "System.Private.ServiceModel": {
        "type": "Transitive",
        "resolved": "4.7.0",
        "contentHash": "BItrYCkoTV3VzVPsrew+uc34fmLb+3ncgspa7vbO3vkfY9JQCea4u34pHE+Bcv1Iy16MgRs3n2jKVRCDg0rPfg=="
      },
      "System.ServiceModel.Primitives": {
        "type": "Transitive",
        "resolved": "4.7.0",
        "contentHash": "YUXIMO4kL1v6dUVptJGixAx/8Ai5trQzVn3gbk0mpwxh77kGAs+MyBRoHN/5ZoxtwNn4E1dq3N4rJCAgAUaiJA==",
        "dependencies": {
          "System.Private.ServiceModel": "4.7.0"
        }
      },
      "application": {
        "type": "Project",
        "dependencies": {
          "Domain": "[1.0.0, )",
          "FluentValidation": "[12.1.1, )",
          "FluentValidation.DependencyInjectionExtensions": "[12.1.1, )",
          "Microsoft.EntityFrameworkCore": "[10.0.2, )"
        }
      },
      "domain": {
        "type": "Project"
      },
      "infrastructure": {
        "type": "Project",
        "dependencies": {
          "Application": "[1.0.0, )",
          "Grafana.OpenTelemetry": "[1.5.2, )",
          "Microsoft.Extensions.Caching.Hybrid": "[10.1.0, )",
          "Microsoft.Extensions.Caching.StackExchangeRedis": "[10.0.2, )",
          "Npgsql.EntityFrameworkCore.PostgreSQL": "[10.0.0, )",
          "OpenTelemetry.Exporter.Console": "[1.15.0, )",
          "OpenTelemetry.Exporter.Prometheus.AspNetCore": "[1.15.0-beta.1, )",
          "OpenTelemetry.Extensions": "[1.14.0-beta.1, )",
          "OpenTelemetry.Extensions.Hosting": "[1.15.0, )",
          "OpenTelemetry.Instrumentation.AspNetCore": "[1.15.0, )",
          "OpenTelemetry.Instrumentation.EntityFrameworkCore": "[1.15.0-beta.1, )",
          "OpenTelemetry.Instrumentation.GrpcNetClient": "[1.15.0-beta.1, )",
          "OpenTelemetry.Instrumentation.Http": "[1.15.0, )",
          "OpenTelemetry.Instrumentation.Process": "[1.15.0-beta.1, )",
          "OpenTelemetry.Instrumentation.Runtime": "[1.15.0, )",
          "OpenTelemetry.Instrumentation.StackExchangeRedis": "[1.15.0-beta.1, )",
          "RabbitMQ.Client": "[7.2.0, )",
          "RabbitMQ.Client.OpenTelemetry": "[1.0.0-rc.2, )"
        }
      },
      "FluentValidation": {
        "type": "CentralTransitive",
        "requested": "[12.1.1, )",
        "resolved": "12.1.1",
        "contentHash": "EPpkIe1yh1a0OXyC100oOA8WMbZvqUu5plwhvYcb7oSELfyUZzfxV48BLhvs3kKo4NwG7MGLNgy1RJiYtT8Dpw=="
      },
      "FluentValidation.DependencyInjectionExtensions": {
        "type": "CentralTransitive",
        "requested": "[12.1.1, )",
        "resolved": "12.1.1",
        "contentHash": "D0VXh4dtjjX2aQizuaa0g6R8X3U1JaVqJPfGCvLwZX9t/O2h7tkpbitbadQMfwcgSPdDbI2vDxuwRMv/Uf9dHA==",
        "dependencies": {
          "FluentValidation": "12.1.1"
        }
      },
      "Grafana.OpenTelemetry": {
        "type": "CentralTransitive",
        "requested": "[1.5.2, )",
        "resolved": "1.5.2",
        "contentHash": "5QDzhHq7vMd22uCXT7+TL7LRRxJ/wtsLcDosb81qKQxoxnKixLb0zjzEV157WcU3vbwlTXP07AIH3kpZzFrEWQ==",
        "dependencies": {
          "CassandraCSharpDriver": "3.22.0",
          "Grafana.OpenTelemetry.Base": "1.5.2",
          "OpenTelemetry.Extensions.Hosting": "1.15.0",
          "OpenTelemetry.Instrumentation.AWS": "1.15.0",
          "OpenTelemetry.Instrumentation.AWSLambda": "1.15.0",
          "OpenTelemetry.Instrumentation.AspNetCore": "1.15.0",
          "OpenTelemetry.Instrumentation.Cassandra": "1.0.0-beta.5",
          "OpenTelemetry.Instrumentation.ElasticsearchClient": "1.15.0-beta.1",
          "OpenTelemetry.Instrumentation.EntityFrameworkCore": "1.15.0-beta.1",
          "OpenTelemetry.Instrumentation.Hangfire": "1.15.0-beta.1",
          "OpenTelemetry.Instrumentation.Quartz": "1.15.0-beta.1",
          "OpenTelemetry.Instrumentation.StackExchangeRedis": "1.15.0-beta.1",
          "OpenTelemetry.Instrumentation.Wcf": "1.15.0-beta.1"
        }
      },
      "Microsoft.EntityFrameworkCore": {
        "type": "CentralTransitive",
        "requested": "[10.0.2, )",
        "resolved": "10.0.2",
        "contentHash": "d3+XKbLSHPCu3vwpXECoXcFbvGKmAhEeUmc1xy2czmuPnEF7rZN2HP5ZGMwCMbAKk4B01+nS4HixSMo2Vf/Y9g==",
        "dependencies": {
          "Microsoft.EntityFrameworkCore.Abstractions": "10.0.2",
          "Microsoft.EntityFrameworkCore.Analyzers": "10.0.2"
        }
      },
      "Microsoft.EntityFrameworkCore.Relational": {
        "type": "CentralTransitive",
        "requested": "[10.0.2, )",
        "resolved": "10.0.2",
        "contentHash": "1fUeyNmqDNfMogJ2ut7OKO57/WGjjkHMYeX51SpA3PwP7ftbx8g/Z3fbErD+1q14DILrqJfsszYsYhGssBRfDg==",
        "dependencies": {
          "Microsoft.EntityFrameworkCore": "10.0.2"
        }
      },
      "Microsoft.Extensions.Caching.Hybrid": {
        "type": "CentralTransitive",
        "requested": "[10.1.0, )",
        "resolved": "10.1.0",
        "contentHash": "mcqlFN2TidtsD/ZUs+m5Xbj9oyNFtlHrawSp57DS8Pq6/Gf316sdSLdoo8i4LfQX5MFPQRdTMKddAQtfZ1uXxQ=="
      },
      "Microsoft.Extensions.Caching.StackExchangeRedis": {
        "type": "CentralTransitive",
        "requested": "[10.0.2, )",
        "resolved": "10.0.2",
        "contentHash": "WEx0VM6KVv4Bf6lwe4WQTd4EixIfw38ZU3u/7zMe+uC5fOyiANu8Os/qyiqv2iEsIJb296tbd2E2BTaWIha3Vg==",
        "dependencies": {
          "StackExchange.Redis": "2.7.27"
        }
      },
      "Newtonsoft.Json": {
        "type": "CentralTransitive",
        "requested": "[13.0.4, )",
        "resolved": "13.0.4",
        "contentHash": "pdgNNMai3zv51W5aq268sujXUyx7SNdE2bj1wZcWjAQrKMFZV260lbqYop1d2GM67JI1huLRwxo9ZqnfF/lC6A=="
      },
      "Npgsql.EntityFrameworkCore.PostgreSQL": {
        "type": "CentralTransitive",
        "requested": "[10.0.0, )",
        "resolved": "10.0.0",
        "contentHash": "E2+uSWxSB8LdsUVwPaqRWOcGOP92biry2JEwc0KJMdLJF+aZdczeIdEXVwEyv4nSVMQJH0o8tLhyAMiR6VF0lw==",
        "dependencies": {
          "Microsoft.EntityFrameworkCore": "[10.0.0, 11.0.0)",
          "Microsoft.EntityFrameworkCore.Relational": "[10.0.0, 11.0.0)",
          "Npgsql": "10.0.0"
        }
      },
      "OpenTelemetry.Exporter.Console": {
        "type": "CentralTransitive",
        "requested": "[1.15.0, )",
        "resolved": "1.15.0",
        "contentHash": "Jweov3Q70xmy5U8bwab8xd+xAuaFBI4695q/IpH4/dcAwKytyB+WhV5HufmKfXiKZhRbSEo8piG+i1ENEmdFXw==",
        "dependencies": {
          "OpenTelemetry": "1.15.0"
        }
      },
      "OpenTelemetry.Exporter.Prometheus.AspNetCore": {
        "type": "CentralTransitive",
        "requested": "[1.15.0-beta.1, )",
        "resolved": "1.15.0-beta.1",
        "contentHash": "015RkS1PLohpIRXQA9mhi+KLUSIz4kdZ683ur1IIJ1YuCT1sf0maXTKZ3zNy6JtBzBXCIUmzt8ug1lRK8qLQ0A==",
        "dependencies": {
          "OpenTelemetry": "[1.15.0, 2.0.0)"
        }
      },
      "OpenTelemetry.Extensions": {
        "type": "CentralTransitive",
        "requested": "[1.14.0-beta.1, )",
        "resolved": "1.14.0-beta.1",
        "contentHash": "4DxYvBgz3OaCD8DE2lutiMiaEZh/PvWW05ewhAeqS6lKAETultAzfCveDXxMcIkaVwc93PR/Z22/P5zZ2rmHZA==",
        "dependencies": {
          "OpenTelemetry": "[1.14.0, 2.0.0)"
        }
      },
      "OpenTelemetry.Extensions.Hosting": {
        "type": "CentralTransitive",
        "requested": "[1.15.0, )",
        "resolved": "1.15.0",
        "contentHash": "RixjKyB1pbYGhWdvPto4KJs+exdQknJsnjUO9WszdLles5Vcd0EYzxPNJdwmLjYfP+Jfbr4B5nktM4ZgeHSWtg==",
        "dependencies": {
          "OpenTelemetry": "1.15.0"
        }
      },
      "OpenTelemetry.Instrumentation.AspNetCore": {
        "type": "CentralTransitive",
        "requested": "[1.15.0, )",
        "resolved": "1.15.0",
        "contentHash": "mte1nRYefxjed2syXgVWq3UCfMKO7MkebvTZmf0O1aLgVgCktLsVjQ6mftyjIbWGBBCHN0wg+Glxj8BSFS70pQ==",
        "dependencies": {
          "OpenTelemetry.Api.ProviderBuilderExtensions": "[1.15.0, 2.0.0)"
        }
      },
      "OpenTelemetry.Instrumentation.EntityFrameworkCore": {
        "type": "CentralTransitive",
        "requested": "[1.15.0-beta.1, )",
        "resolved": "1.15.0-beta.1",
        "contentHash": "N01GzP+r8lpSBiqjRX0/WjSp17r+zk6dKvGKthiASyFzF44lrJo8cA3ihXnw3p4Rnqg1mVjOYy19R6iJ84NTpg==",
        "dependencies": {
          "OpenTelemetry.Api.ProviderBuilderExtensions": "[1.15.0, 2.0.0)"
        }
      },
      "OpenTelemetry.Instrumentation.GrpcNetClient": {
        "type": "CentralTransitive",
        "requested": "[1.15.0-beta.1, )",
        "resolved": "1.15.0-beta.1",
        "contentHash": "SBas5+C4kGUqoy8OPpQis+QIgJ7/aaJl4H3oLzHCJnZLCb8TXZmQL2/r753RXXJUH8oIeLIzdW+EXgujSy+cpQ==",
        "dependencies": {
          "OpenTelemetry": "[1.15.0, 2.0.0)"
        }
      },
      "OpenTelemetry.Instrumentation.Http": {
        "type": "CentralTransitive",
        "requested": "[1.15.0, )",
        "resolved": "1.15.0",
        "contentHash": "uToc7bUp8IEdb0ny9mKsL6FrrYelINPzxxiSShJgOf4XmQc4Azww6S5RjRj24YhsOn2a1MABOrxfVTZXtDk4Eg==",
        "dependencies": {
          "OpenTelemetry.Api.ProviderBuilderExtensions": "[1.15.0, 2.0.0)"
        }
      },
      "OpenTelemetry.Instrumentation.Process": {
        "type": "CentralTransitive",
        "requested": "[1.15.0-beta.1, )",
        "resolved": "1.15.0-beta.1",
        "contentHash": "99zSvpwsMpKextd3RkHGY8iRsmw1qg3PjqkjC5hZI0fZG6m+wPsssrX6z9RhwDGcZ8sdGNjoKyLpNOmR154zQg==",
        "dependencies": {
          "OpenTelemetry.Api": "[1.15.0, 2.0.0)"
        }
      },
      "OpenTelemetry.Instrumentation.Runtime": {
        "type": "CentralTransitive",
        "requested": "[1.15.0, )",
        "resolved": "1.15.0",
        "contentHash": "OOvpqR/j2Pb6+tWhHNODIbSJ53Or/MDtTiXEyrsWI02K2lLAgvBFcxUOrHggS/8015cYR3AdSaXv6NZrkz5yQA==",
        "dependencies": {
          "OpenTelemetry.Api": "[1.15.0, 2.0.0)"
        }
      },
      "OpenTelemetry.Instrumentation.StackExchangeRedis": {
        "type": "CentralTransitive",
        "requested": "[1.15.0-beta.1, )",
        "resolved": "1.15.0-beta.1",
        "contentHash": "Igg/3MlBZZ9lZCTzMcvoFKav263+zOcKx9s4LVIdq96YmBHCuPmDiyygAIPdeIVzwN08VwD3RG1nXHDuRF1Ssg==",
        "dependencies": {
          "OpenTelemetry.Api.ProviderBuilderExtensions": "[1.15.0, 2.0.0)",
          "StackExchange.Redis": "2.6.122"
        }
      },
      "RabbitMQ.Client": {
        "type": "CentralTransitive",
        "requested": "[7.2.0, )",
        "resolved": "7.2.0",
        "contentHash": "PPQ7cF7lwbhqC4up6en1bTUZlz06YqQwJecOJzsguTtyhNA7oL5uNDZIx/h6ZfcyPZV4V3DYKSCxfm4RUFLcbA=="
      },
      "RabbitMQ.Client.OpenTelemetry": {
        "type": "CentralTransitive",
        "requested": "[1.0.0-rc.2, )",
        "resolved": "1.0.0-rc.2",
        "contentHash": "fVjEZ8DsLDw3EEp/Q5XGFhk7Rvluh32n+38kyBcCdZu/F7cOuj6ETo+pYMhXHtcKGk856sEEOaEWR+alsETv9w==",
        "dependencies": {
          "OpenTelemetry.Api": "1.9.0",
          "RabbitMQ.Client": "7.2.0"
        }
      }
    }
  }
}