{
  "version": 2,
  "dependencies": {
    "net10.0": {
      "Grpc.AspNetCore": {
        "type": "Direct",
        "requested": "[2.80.0, )",
        "resolved": "2.80.0",
        "contentHash": "ASbJbdtCUlGiKxe9NsN/QeG1PdibYoN0pEgP9U87cvS6HV0XsT+VdO/g2M6Ri8zZURfX5c7MBTaFVP/YCrC72A==",
        "dependencies": {
          "Google.Protobuf": "3.31.1",
          "Grpc.AspNetCore.Server.ClientFactory": "2.80.0",
          "Grpc.Tools": "2.80.0"
        }
      },
      "Google.Protobuf": {
        "type": "Transitive",
        "resolved": "3.31.1",
        "contentHash": "gSnJbUmGiOTdWddPhqzrEscHq9Ls6sqRDPB9WptckyjTUyx70JOOAaDLkFff8gManZNN3hllQ4aQInnQyq/Z/A=="
      },
      "Grpc.AspNetCore.Server": {
        "type": "Transitive",
        "resolved": "2.80.0",
        "contentHash": "lbK7z1sZP5imPdQ035f/CZ61iIaBWouY6A580E9JNo7vzXYX/Qo+GQtSjOzhP9VFbxk7mtLoMhn/v1fT2U7kTw==",
        "dependencies": {
          "Grpc.Net.Common": "2.80.0"
        }
      },
      "Grpc.AspNetCore.Server.ClientFactory": {
        "type": "Transitive",
        "resolved": "2.80.0",
        "contentHash": "7JdfxQZv/pO9qU5Ild2mrkzYA7PmVGDKVmWqKVCZNRSDN/RluRN4S4utYgBSwAcYgUBWQDHNb1Ll7wm3BdHfqw==",
        "dependencies": {
          "Grpc.AspNetCore.Server": "2.80.0",
          "Grpc.Net.ClientFactory": "2.80.0"
        }
      },
      "Grpc.Core.Api": {
        "type": "Transitive",
        "resolved": "2.80.0",
        "contentHash": "i/8s+MOrYa6n7BmZ5bilcbHk+EMJDQHm2MKLhwGAT+urQqlZ6cpjvSivYvuULjebuX+UKieLYZbLRCmVQxFRkw=="
      },
      "Grpc.Net.Client": {
        "type": "Transitive",
        "resolved": "2.80.0",
        "contentHash": "I1Aa24nTRMHqx0pmQfvthFsOpejquDjiJV6092KBqjw6EEr3wA9CMXlrdkoEgHartOiJrpKyZiQRl7n0NVlfBg==",
        "dependencies": {
          "Grpc.Net.Common": "2.80.0",
          "Microsoft.Extensions.Logging.Abstractions": "8.0.0"
        }
      },
      "Grpc.Net.ClientFactory": {
        "type": "Transitive",
        "resolved": "2.80.0",
        "contentHash": "YtY1DWID2phwiGc8qBG7+wf00Do5jE7BkJgCc6nbu5b50OsD89mSd73oCE8fCnUo7IjtDAEYFOYI3NSzgn28gw==",
        "dependencies": {
          "Grpc.Net.Client": "2.80.0",
          "Microsoft.Extensions.Http": "8.0.0"
        }
      },
      "Grpc.Net.Common": {
        "type": "Transitive",
        "resolved": "2.80.0",
        "contentHash": "E2ERsx+9IXlry4yjBl8btx0XMIKzymGNSvX5jmBS/uSwYyYDoKIDcIREyLqFLvd8vcJdcoRlycpvn9YRXutFpQ==",
        "dependencies": {
          "Grpc.Core.Api": "2.80.0"
        }
      },
      "Grpc.Tools": {
        "type": "Transitive",
        "resolved": "2.80.0",
        "contentHash": "NS1AxwVZnrdbBoMf5L5ruGjBjoLBej9avhqxWNsgfu2GU6FhpxEVJOwLJsdljlDCjvquJiAH2zf/WodIWMvf2w=="
      },
      "Microsoft.Extensions.Configuration": {
        "type": "Transitive",
        "resolved": "8.0.0",
        "contentHash": "0J/9YNXTMWSZP2p2+nvl8p71zpSwokZXZuJW+VjdErkegAnFdO1XlqtA62SJtgVYHdKu3uPxJHcMR/r35HwFBA==",
        "dependencies": {
          "Microsoft.Extensions.Configuration.Abstractions": "8.0.0",
          "Microsoft.Extensions.Primitives": "8.0.0"
        }
      },
      "Microsoft.Extensions.Configuration.Abstractions": {
        "type": "Transitive",
        "resolved": "8.0.0",
        "contentHash": "3lE/iLSutpgX1CC0NOW70FJoGARRHbyKmG7dc0klnUZ9Dd9hS6N/POPWhKhMLCEuNN5nXEY5agmlFtH562vqhQ==",
        "dependencies": {
          "Microsoft.Extensions.Primitives": "8.0.0"
        }
      },
      "Microsoft.Extensions.Configuration.Binder": {
        "type": "Transitive",
        "resolved": "8.0.0",
        "contentHash": "mBMoXLsr5s1y2zOHWmKsE9veDcx8h1x/c3rz4baEdQKTeDcmQAPNbB54Pi/lhFO3K431eEq6PFbMgLaa6PHFfA==",
        "dependencies": {
          "Microsoft.Extensions.Configuration.Abstractions": "8.0.0"
        }
      },
      "Microsoft.Extensions.DependencyInjection": {
        "type": "Transitive",
        "resolved": "8.0.0",
        "contentHash": "V8S3bsm50ig6JSyrbcJJ8bW2b9QLGouz+G1miK3UTaOWmMtFwNNNzUf4AleyDWUmTrWMLNnFSLEQtxmxgNQnNQ==",
        "dependencies": {
          "Microsoft.Extensions.DependencyInjection.Abstractions": "8.0.0"
        }
      },
      "Microsoft.Extensions.DependencyInjection.Abstractions": {
        "type": "Transitive",
        "resolved": "8.0.0",
        "contentHash": "cjWrLkJXK0rs4zofsK4bSdg+jhDLTaxrkXu4gS6Y7MAlCvRyNNgwY/lJi5RDlQOnSZweHqoyvgvbdvQsRIW+hg=="
      },
      "Microsoft.Extensions.Diagnostics": {
        "type": "Transitive",
        "resolved": "8.0.0",
        "contentHash": "3PZp/YSkIXrF7QK7PfC1bkyRYwqOHpWFad8Qx+4wkuumAeXo1NHaxpS9LboNA9OvNSAu+QOVlXbMyoY+pHSqcw==",
        "dependencies": {
          "Microsoft.Extensions.Configuration": "8.0.0",
          "Microsoft.Extensions.Diagnostics.Abstractions": "8.0.0",
          "Microsoft.Extensions.Options.ConfigurationExtensions": "8.0.0"
        }
      },
      "Microsoft.Extensions.Diagnostics.Abstractions": {
        "type": "Transitive",
        "resolved": "8.0.0",
        "contentHash": "JHYCQG7HmugNYUhOl368g+NMxYE/N/AiclCYRNlgCY9eVyiBkOHMwK4x60RYMxv9EL3+rmj1mqHvdCiPpC+D4Q==",
        "dependencies": {
          "Microsoft.Extensions.DependencyInjection.Abstractions": "8.0.0",
          "Microsoft.Extensions.Options": "8.0.0"
        }
      },
      "Microsoft.Extensions.Http": {
        "type": "Transitive",
        "resolved": "8.0.0",
        "contentHash": "cWz4caHwvx0emoYe7NkHPxII/KkTI8R/LC9qdqJqnKv2poTJ4e2qqPGQqvRoQ5kaSA4FU5IV3qFAuLuOhoqULQ==",
        "dependencies": {
          "Microsoft.Extensions.Configuration.Abstractions": "8.0.0",
          "Microsoft.Extensions.DependencyInjection.Abstractions": "8.0.0",
          "Microsoft.Extensions.Diagnostics": "8.0.0",
          "Microsoft.Extensions.Logging": "8.0.0",
          "Microsoft.Extensions.Logging.Abstractions": "8.0.0",
          "Microsoft.Extensions.Options": "8.0.0"
        }
      },
      "Microsoft.Extensions.Logging": {
        "type": "Transitive",
        "resolved": "8.0.0",
        "contentHash": "tvRkov9tAJ3xP51LCv3FJ2zINmv1P8Hi8lhhtcKGqM+ImiTCC84uOPEI4z8Cdq2C3o9e+Aa0Gw0rmrsJD77W+w==",
        "dependencies": {
          "Microsoft.Extensions.DependencyInjection": "8.0.0",
          "Microsoft.Extensions.Logging.Abstractions": "8.0.0",
          "Microsoft.Extensions.Options": "8.0.0"
        }
      },
      "Microsoft.Extensions.Logging.Abstractions": {
        "type": "Transitive",
        "resolved": "8.0.0",
        "contentHash": "arDBqTgFCyS0EvRV7O3MZturChstm50OJ0y9bDJvAcmEPJm0FFpFyjU/JLYyStNGGey081DvnQYlncNX5SJJGA==",
        "dependencies": {
          "Microsoft.Extensions.DependencyInjection.Abstractions": "8.0.0"
        }
      },
      "Microsoft.Extensions.Options": {
        "type": "Transitive",
        "resolved": "8.0.0",
        "contentHash": "JOVOfqpnqlVLUzINQ2fox8evY2SKLYJ3BV8QDe/Jyp21u1T7r45x/R/5QdteURMR5r01GxeJSBBUOCOyaNXA3g==",
        "dependencies": {
          "Microsoft.Extensions.DependencyInjection.Abstractions": "8.0.0",
          "Microsoft.Extensions.Primitives": "8.0.0"
        }
      },
      "Microsoft.Extensions.Options.ConfigurationExtensions": {
        "type": "Transitive",
        "resolved": "8.0.0",
        "contentHash": "0f4DMRqEd50zQh+UyJc+/HiBsZ3vhAQALgdkcQEalSH1L2isdC7Yj54M3cyo5e+BeO5fcBQ7Dxly8XiBBcvRgw==",
        "dependencies": {
          "Microsoft.Extensions.Configuration.Abstractions": "8.0.0",
          "Microsoft.Extensions.Configuration.Binder": "8.0.0",
          "Microsoft.Extensions.DependencyInjection.Abstractions": "8.0.0",
          "Microsoft.Extensions.Options": "8.0.0",
          "Microsoft.Extensions.Primitives": "8.0.0"
        }
      },
      "Microsoft.Extensions.Primitives": {
        "type": "Transitive",
        "resolved": "8.0.0",
        "contentHash": "bXJEZrW9ny8vjMF1JV253WeLhpEVzFo1lyaZu1vQ4ZxWUlVvknZ/+ftFgVheLubb4eZPSwwxBeqS1JkCOjxd8g=="
      }
    }
  }
}